
Microsoft Visual Studio Solution File, Format Version 12.00
# Visual Studio 14
VisualStudioVersion = 14.0.25420.1
MinimumVisualStudioVersion = 10.0.40219.1
Project("{FAE04EC0-301F-11D3-BF4B-00C04F79EFBC}") = "uTest", "uTest\uTest.csproj", "{5FEF1141-7083-47FB-8E29-29F5A90E6DEF}"
EndProject
Project("{FAE04EC0-301F-11D3-BF4B-00C04F79EFBC}") = "uTestTests", "uTestTests\uTestTests.csproj", "{F3EAF707-80E4-4380-BBB2-24B0F5B4E7CA}"
EndProject
Project("{FAE04EC0-301F-11D3-BF4B-00C04F79EFBC}") = "WebApplication1", "WebApplication1\WebApplication1.csproj", "{63A79FD4-DD21-45AC-AE06-79EDA1B9DB28}"
EndProject
Project("{FAE04EC0-301F-11D3-BF4B-00C04F79EFBC}") = "WebApplication1Tests1", "WebApplication1Tests\WebApplication1Tests1.csproj", "{C8D6D60B-5DA2-474C-B283-27B14B494D70}"
EndProject
Global
	GlobalSection(SolutionConfigurationPlatforms) = preSolution
		Debug|Any CPU = Debug|Any CPU
		Release|Any CPU = Release|Any CPU
	EndGlobalSection
	GlobalSection(ProjectConfigurationPlatforms) = postSolution
		{5FEF1141-7083-47FB-8E29-29F5A90E6DEF}.Debug|Any CPU.ActiveCfg = Debug|Any CPU
		{5FEF1141-7083-47FB-8E29-29F5A90E6DEF}.Debug|Any CPU.Build.0 = Debug|Any CPU
		{5FEF1141-7083-47FB-8E29-29F5A90E6DEF}.Release|Any CPU.ActiveCfg = Release|Any CPU
		{5FEF1141-7083-47FB-8E29-29F5A90E6DEF}.Release|Any CPU.Build.0 = Release|Any CPU
		{F3EAF707-80E4-4380-BBB2-24B0F5B4E7CA}.Debug|Any CPU.ActiveCfg = Debug|Any CPU
		{F3EAF707-80E4-4380-BBB2-24B0F5B4E7CA}.Debug|Any CPU.Build.0 = Debug|Any CPU
		{F3EAF707-80E4-4380-BBB2-24B0F5B4E7CA}.Release|Any CPU.ActiveCfg = Release|Any CPU
		{F3EAF707-80E4-4380-BBB2-24B0F5B4E7CA}.Release|Any CPU.Build.0 = Release|Any CPU
		{63A79FD4-DD21-45AC-AE06-79EDA1B9DB28}.Debug|Any CPU.ActiveCfg = Debug|Any CPU
		{63A79FD4-DD21-45AC-AE06-79EDA1B9DB28}.Debug|Any CPU.Build.0 = Debug|Any CPU
		{63A79FD4-DD21-45AC-AE06-79EDA1B9DB28}.Release|Any CPU.ActiveCfg = Release|Any CPU
		{63A79FD4-DD21-45AC-AE06-79EDA1B9DB28}.Release|Any CPU.Build.0 = Release|Any CPU
		{C8D6D60B-5DA2-474C-B283-27B14B494D70}.Debug|Any CPU.ActiveCfg = Debug|Any CPU
		{C8D6D60B-5DA2-474C-B283-27B14B494D70}.Debug|Any CPU.Build.0 = Debug|Any CPU
		{C8D6D60B-5DA2-474C-B283-27B14B494D70}.Release|Any CPU.ActiveCfg = Release|Any CPU
		{C8D6D60B-5DA2-474C-B283-27B14B494D70}.Release|Any CPU.Build.0 = Release|Any CPU
	EndGlobalSection
	GlobalSection(SolutionProperties) = preSolution
		HideSolutionNode = FALSE
	EndGlobalSection
EndGlobal
